# THIS IS AN AUTOGENERATED FILE. DO NOT EDIT THIS FILE DIRECTLY.
# yarn lockfile v1


"@anthropic-ai/sdk@^0.4.3":
  version "0.4.4"
  resolved "https://build-nexus.crto.in/repository/npm/@anthropic-ai/sdk/-/sdk-0.4.4.tgz#7da97a30f8a69a44e2e18ec1f8a0dea8a656f0b9"
  integrity sha512-Z/39nQi1sSUCeLII3lsAbL1u+0JF6cR2XmUEX9sLH0VtxmIjY6cjOUYjCkYh4oapTxOkhAFnVSAFJ6cxml2qXg==
  dependencies:
    "@fortaine/fetch-event-source" "^3.0.6"
    cross-fetch "^3.1.5"

"@cspotcode/source-map-support@^0.8.0":
  version "0.8.1"
  resolved "https://build-nexus.crto.in/repository/npm/@cspotcode/source-map-support/-/source-map-support-0.8.1.tgz#00629c35a688e05a88b1cda684fb9d5e73f000a1"
  integrity sha512-IchNf6dN4tHoMFIn/7OE8LWZ19Y6q/67Bmf6vnGREv8RSbBVb9LPJxEcnwrcwX6ixSvaiGoomAUvu4YSxXrVgw==
  dependencies:
    "@jridgewell/trace-mapping" "0.3.9"

"@fortaine/fetch-event-source@^3.0.6":
  version "3.0.6"
  resolved "https://build-nexus.crto.in/repository/npm/@fortaine/fetch-event-source/-/fetch-event-source-3.0.6.tgz#b8552a2ca2c5202f5699b93a92be0188d422b06e"
  integrity sha512-621GAuLMvKtyZQ3IA6nlDWhV1V/7PGOTNIGLUifxt0KzM+dZIweJ6F3XvQF3QnqeNfS1N7WQ0Kil1Di/lhChEw==

"@jridgewell/resolve-uri@^3.0.3":
  version "3.1.1"
  resolved "https://build-nexus.crto.in/repository/npm/@jridgewell/resolve-uri/-/resolve-uri-3.1.1.tgz#c08679063f279615a3326583ba3a90d1d82cc721"
  integrity sha512-dSYZh7HhCDtCKm4QakX0xFpsRDqjjtZf/kjI/v3T3Nwt5r8/qz/M19F9ySyOqU94SXBmeG9ttTul+YnR4LOxFA==

"@jridgewell/sourcemap-codec@^1.4.10":
  version "1.4.15"
  resolved "https://build-nexus.crto.in/repository/npm/@jridgewell/sourcemap-codec/-/sourcemap-codec-1.4.15.tgz#d7c6e6755c78567a951e04ab52ef0fd26de59f32"
  integrity sha512-eF2rxCRulEKXHTRiDrDy6erMYWqNw4LPdQ8UQA4huuxaQsVeRPFl2oM8oDGxMFhJUWZf9McpLtJasDDZb/Bpeg==

"@jridgewell/trace-mapping@0.3.9":
  version "0.3.9"
  resolved "https://build-nexus.crto.in/repository/npm/@jridgewell/trace-mapping/-/trace-mapping-0.3.9.tgz#6534fd5933a53ba7cbf3a17615e273a0d1273ff9"
  integrity sha512-3Belt6tdc8bPgAtbcmdtNJlirVoTmEb5e2gC94PnkwEW9jI6CAHUeoG85tjWP5WquqfavoMtMwiG4P926ZKKuQ==
  dependencies:
    "@jridgewell/resolve-uri" "^3.0.3"
    "@jridgewell/sourcemap-codec" "^1.4.10"

"@pinecone-database/pinecone@0.0.10":
  version "0.0.10"
  resolved "https://build-nexus.crto.in/repository/npm/@pinecone-database/pinecone/-/pinecone-0.0.10.tgz#c8ad15f952f4f21dd14d621d5947e7ad213e1b2f"
  integrity sha512-SwfobqOmSQvEkEtw44uc6ZZ9R/aU5bDYkBAX0cGOcSk6wWlm5yiJA+XeZkyMeUsFb1EQaGhbafIy97TDqcnnsw==
  dependencies:
    cross-fetch "^3.1.5"

"@tsconfig/node10@^1.0.7":
  version "1.0.9"
  resolved "https://build-nexus.crto.in/repository/npm/@tsconfig/node10/-/node10-1.0.9.tgz#df4907fc07a886922637b15e02d4cebc4c0021b2"
  integrity sha512-jNsYVVxU8v5g43Erja32laIDHXeoNvFEpX33OK4d6hljo3jDhCBDhx5dhCCTMWUojscpAagGiRkBKxpdl9fxqA==

"@tsconfig/node12@^1.0.7":
  version "1.0.11"
  resolved "https://build-nexus.crto.in/repository/npm/@tsconfig/node12/-/node12-1.0.11.tgz#ee3def1f27d9ed66dac6e46a295cffb0152e058d"
  integrity sha512-cqefuRsh12pWyGsIoBKJA9luFu3mRxCA+ORZvA4ktLSzIuCUtWVxGIuXigEwO5/ywWFMZ2QEGKWvkZG1zDMTag==

"@tsconfig/node14@^1.0.0":
  version "1.0.3"
  resolved "https://build-nexus.crto.in/repository/npm/@tsconfig/node14/-/node14-1.0.3.tgz#e4386316284f00b98435bf40f72f75a09dabf6c1"
  integrity sha512-ysT8mhdixWK6Hw3i1V2AeRqZ5WfXg1G43mqoYlM2nc6388Fq5jcXyr5mRsqViLx/GJYdoL0bfXD8nmF+Zn/Iow==

"@tsconfig/node16@^1.0.2":
  version "1.0.4"
  resolved "https://build-nexus.crto.in/repository/npm/@tsconfig/node16/-/node16-1.0.4.tgz#0b92dcc0cc1c81f6f306a381f28e31b1a56536e9"
  integrity sha512-vxhUy4J8lyeyinH7Azl1pdd43GJhZH/tP2weN8TntQblOY+A0XbT8DJk1/oCPuOOyg/Ja757rG0CgHcWC8OfMA==

"@types/js-yaml@^4.0.5":
  version "4.0.5"
  resolved "https://build-nexus.crto.in/repository/npm/@types/js-yaml/-/js-yaml-4.0.5.tgz#738dd390a6ecc5442f35e7f03fa1431353f7e138"
  integrity sha512-FhpRzf927MNQdRZP0J5DLIdTXhjLYzeUTmLAu69mnVksLH9CJY3IuSeEgbKUki7GQZm0WqDkGzyxju2EZGD2wA==

"@types/node@^18.15.10", "@types/node@^18.7.3":
  version "18.16.19"
  resolved "https://build-nexus.crto.in/repository/npm/@types/node/-/node-18.16.19.tgz#cb03fca8910fdeb7595b755126a8a78144714eea"
  integrity sha512-IXl7o+R9iti9eBW4Wg2hx1xQDig183jj7YLn8F7udNceyfkbn1ZxmzZXuak20gR40D7pIkIY1kYGx5VIGbaHKA==

"@types/prompt-sync@^4.2.0":
  version "4.2.0"
  resolved "https://build-nexus.crto.in/repository/npm/@types/prompt-sync/-/prompt-sync-4.2.0.tgz#e0bcf80211e9a2edb52891926a0700b2bffe08cb"
  integrity sha512-5RPQYDT7MNkt+vq6xp58tSPx4THANyQcBSaw3Ni+KV7MUAgvUUbmCsQmcPVrcc8dwuURSPixz2qTJdJF6ABSKw==

"@types/retry@0.12.0":
  version "0.12.0"
  resolved "https://build-nexus.crto.in/repository/npm/@types/retry/-/retry-0.12.0.tgz#2b35eccfcee7d38cd72ad99232fbd58bffb3c84d"
  integrity sha512-wWKOClTTiizcZhXnPY4wikVAwmdYHp8q6DmC+EJUzAMsycb7HB32Kh9RN4+0gExjmPmZSAQjgURXIGATPegAvA==

"@types/uuid@^9.0.1":
  version "9.0.2"
  resolved "https://build-nexus.crto.in/repository/npm/@types/uuid/-/uuid-9.0.2.tgz#ede1d1b1e451548d44919dc226253e32a6952c4b"
  integrity sha512-kNnC1GFBLuhImSnV7w4njQkUiJi0ZXUycu1rUaouPqiKlXkh77JKgdRnTAp1x5eBwcIwbtI+3otwzuIDEuDoxQ==

acorn-walk@^8.1.1:
  version "8.2.0"
  resolved "https://build-nexus.crto.in/repository/npm/acorn-walk/-/acorn-walk-8.2.0.tgz#741210f2e2426454508853a2f44d0ab83b7f69c1"
  integrity sha512-k+iyHEuPgSw6SbuDpGQM+06HQUa04DZ3o+F6CSzXMvvI5KMvnaEqXe+YVe555R9nn6GPt404fos4wcgpw12SDA==

acorn@^8.4.1:
  version "8.9.0"
  resolved "https://build-nexus.crto.in/repository/npm/acorn/-/acorn-8.9.0.tgz#78a16e3b2bcc198c10822786fa6679e245db5b59"
  integrity sha512-jaVNAFBHNLXspO543WnNNPZFRtavh3skAkITqD0/2aeMkKZTN+254PyhwxFYrk3vQ1xfY+2wbesJMs/JC8/PwQ==

acorn@~0.5.0:
  version "0.5.0"
  resolved "https://build-nexus.crto.in/repository/npm/acorn/-/acorn-0.5.0.tgz#f342114b20e314c5fe7f72e8b7b37239604ea40c"
  integrity sha512-C+F0F79vOrEG1cNTBTKDJma7LSiWl6AkWJd1lqt6W784YLQSD+bFBLAbbLOXDHSr7+vSZvy5cX3CTMsCgocfxQ==

ansi-regex@^4.1.0:
  version "4.1.1"
  resolved "https://build-nexus.crto.in/repository/npm/ansi-regex/-/ansi-regex-4.1.1.tgz#164daac87ab2d6f6db3a29875e2d1766582dabed"
  integrity sha512-ILlv4k/3f6vfQ4OoP2AGvirOktlQ98ZEL1k9FaQjxa3L1abBgbuTDAdPOpvbGncC0BTVQrl+OM8xZGK6tWXt7g==

ansi-styles@^5.0.0:
  version "5.2.0"
  resolved "https://build-nexus.crto.in/repository/npm/ansi-styles/-/ansi-styles-5.2.0.tgz#07449690ad45777d1924ac2abb2fc8895dba836b"
  integrity sha512-Cxwpt2SfTzTtXcfOlzGEee8O+c+MmUgGrNiBcXnuWxuFJHe6a5Hz7qwhwe5OgaSYI0IJvkLqWX1ASG+cJOkEiA==

arg@^4.1.0:
  version "4.1.3"
  resolved "https://build-nexus.crto.in/repository/npm/arg/-/arg-4.1.3.tgz#269fc7ad5b8e42cb63c896d5666017261c144089"
  integrity sha512-58S9QDqG0Xx27YwPSt9fJxivjYl432YCwfDMfZ+71RAqUrZef7LrKQZ3LHLOwCS4FLNBplP533Zx895SeOCHvA==

argparse@^2.0.1:
  version "2.0.1"
  resolved "https://build-nexus.crto.in/repository/npm/argparse/-/argparse-2.0.1.tgz#246f50f3ca78a3240f6c997e8a9bd1eac49e4b38"
  integrity sha512-8+9WqebbFzpX9OR+Wa6O29asIogeRMzcGtAINdpMHHyAg10f05aSFVBbcEqGf/PXw1EjAZ+q2/bEBg3DvurK3Q==

asynckit@^0.4.0:
  version "0.4.0"
  resolved "https://build-nexus.crto.in/repository/npm/asynckit/-/asynckit-0.4.0.tgz#c79ed97f7f34cb8f2ba1bc9790bcc366474b4b79"
  integrity sha512-Oei9OH4tRh0YqU3GxhX79dM/mwVgvbZJaSNaRk+bshkj0S5cfHcgYakreBjrHwatXKbz+IoIdYLxrKim2MjW0Q==

axios@^0.26.0:
  version "0.26.1"
  resolved "https://build-nexus.crto.in/repository/npm/axios/-/axios-0.26.1.tgz#1ede41c51fcf51bbbd6fd43669caaa4f0495aaa9"
  integrity sha512-fPwcX4EvnSHuInCMItEhAGnaSEXRBjtzh9fOtsE6E1G6p7vl7edEeZe11QHf18+6+9gR5PbKV/sGKNaD8YaMeA==
  dependencies:
    follow-redirects "^1.14.8"

base64-js@^1.5.1:
  version "1.5.1"
  resolved "https://build-nexus.crto.in/repository/npm/base64-js/-/base64-js-1.5.1.tgz#1b1b440160a5bf7ad40b650f095963481903930a"
  integrity sha512-AKpaYlHn8t4SVbOHCy+b5+KKgvR4vrsD8vbvrbiQJps7fKDTkjkDry6ji0rUJjC0kzbNePLwzxq8iypo41qeWA==

binary-extensions@^2.2.0:
  version "2.2.0"
  resolved "https://build-nexus.crto.in/repository/npm/binary-extensions/-/binary-extensions-2.2.0.tgz#75f502eeaf9ffde42fc98829645be4ea76bd9e2d"
  integrity sha512-jDctJ/IVQbZoJykoeHbhXpOlNBqGNcwXJKJog42E5HDPUwQTSdjCHdihjj0DlnheQ7blbT6dHOafNAiS8ooQKA==

binary-search@^1.3.5:
  version "1.3.6"
  resolved "https://build-nexus.crto.in/repository/npm/binary-search/-/binary-search-1.3.6.tgz#e32426016a0c5092f0f3598836a1c7da3560565c"
  integrity sha512-nbE1WxOTTrUWIfsfZ4aHGYu5DOuNkbxGokjV6Z2kxfJK3uaAb8zNK1muzOeipoLHZjInT4Br88BHpzevc681xA==

busboy@^1.6.0:
  version "1.6.0"
  resolved "https://build-nexus.crto.in/repository/npm/busboy/-/busboy-1.6.0.tgz#966ea36a9502e43cdb9146962523b92f531f6893"
  integrity sha512-8SFQbg/0hQ9xy3UNTB0YEnsNBbWfhf7RtnzpL7TkBiTBRfrQ9Fxcnz7VJsleJpyp6rVLvXiuORqjlHi5q+PYuA==
  dependencies:
    streamsearch "^1.1.0"

camelcase@6:
  version "6.3.0"
  resolved "https://build-nexus.crto.in/repository/npm/camelcase/-/camelcase-6.3.0.tgz#5685b95eb209ac9c0c177467778c9c84df58ba9a"
  integrity sha512-Gmy6FhYlCY7uOElZUSbxo2UCDH8owEk996gkbrpsgGtrJLM3J7jGxl9Ic7Qwwj4ivOE5AWZWRMecDdF7hqGjFA==

combined-stream@^1.0.8:
  version "1.0.8"
  resolved "https://build-nexus.crto.in/repository/npm/combined-stream/-/combined-stream-1.0.8.tgz#c3d45a8b34fd730631a110a8a2520682b31d5a7f"
  integrity sha512-FQN4MRfuJeHf7cBbBMJFXhKSDq+2kAArBlmRBvcvFE5BB1HZKXtSFASDhdlz9zOYwxh8lDdnvmMOe/+5cdoEdg==
  dependencies:
    delayed-stream "~1.0.0"

commander@^10.0.1:
  version "10.0.1"
  resolved "https://build-nexus.crto.in/repository/npm/commander/-/commander-10.0.1.tgz#881ee46b4f77d1c1dccc5823433aa39b022cbe06"
  integrity sha512-y4Mg2tXshplEbSGzx7amzPwKKOCGuoSRP/CjEdwwk0FOGlUbq6lKuoyDZTNZkmxHdJtp54hdfY/JUrdL7Xfdug==

core-util-is@~1.0.0:
  version "1.0.3"
  resolved "https://build-nexus.crto.in/repository/npm/core-util-is/-/core-util-is-1.0.3.tgz#a6042d3634c2b27e9328f837b965fac83808db85"
  integrity sha512-ZQBvi1DcpJ4GDqanjucZ2Hj3wEO5pZDS89BWbkcrvdxksJorwUDDZamX9ldFkp9aw2lmBDLgkObEA4DWNJ9FYQ==

create-require@^1.1.0:
  version "1.1.1"
  resolved "https://build-nexus.crto.in/repository/npm/create-require/-/create-require-1.1.1.tgz#c1d7e8f1e5f6cfc9ff65f9cd352d37348756c333"
  integrity sha512-dcKFX3jn0MpIaXjisoRvexIJVEKzaq7z2rZKxf+MSr9TkdmHmsU4m2lcLojrj/FHl8mk5VxMmYA+ftRkP/3oKQ==

cross-fetch@^3.1.5:
  version "3.1.8"
  resolved "https://build-nexus.crto.in/repository/npm/cross-fetch/-/cross-fetch-3.1.8.tgz#0327eba65fd68a7d119f8fb2bf9334a1a7956f82"
  integrity sha512-cvA+JwZoU0Xq+h6WkMvAUqPEYy92Obet6UdKLfW60qn99ftItKjB5T+BkyWOFWe2pUyfQ+IJHmpOTznqk1M6Kg==
  dependencies:
    node-fetch "^2.6.12"

debug@^0.8.1:
  version "0.8.1"
  resolved "https://build-nexus.crto.in/repository/npm/debug/-/debug-0.8.1.tgz#20ff4d26f5e422cb68a1bacbbb61039ad8c1c130"
  integrity sha512-HlXEJm99YsRjLJ8xmuz0Lq8YUwrv7hAJkTEr6/Em3sUlSUNl0UdFA+1SrY4fnykeq1FVkUEUtwRGHs9VvlYbGA==

decamelize@^1.2.0:
  version "1.2.0"
  resolved "https://build-nexus.crto.in/repository/npm/decamelize/-/decamelize-1.2.0.tgz#f6534d15148269b20352e7bee26f501f9a191290"
  integrity sha512-z2S+W9X73hAUUki+N+9Za2lBlun89zigOyGrsax+KUQ6wKW4ZoWpEYBkGhQjwAjjDCkWxhY0VKEhk8wzY7F5cA==

delayed-stream@~1.0.0:
  version "1.0.0"
  resolved "https://build-nexus.crto.in/repository/npm/delayed-stream/-/delayed-stream-1.0.0.tgz#df3ae199acadfb7d440aaae0b29e2272b24ec619"
  integrity sha512-ZySD7Nf91aLB0RxL4KGrKHBXl7Eds1DAmEdcoVawXnLD7SDhpNgtuII2aAkg7a7QS41jxPSZ17p4VdGnMHk3MQ==

diff@^4.0.1:
  version "4.0.2"
  resolved "https://build-nexus.crto.in/repository/npm/diff/-/diff-4.0.2.tgz#60f3aecb89d5fae520c11aa19efc2bb982aade7d"
  integrity sha512-58lmxKSA4BNyLz+HHMUzlOEpg09FV+ev6ZMe3vJihgdxzgcwZ8VoEEPmALCZG9LmqfVoNMMKpttIYTVG6uDY7A==

dotenv@16.0.3:
  version "16.0.3"
  resolved "https://build-nexus.crto.in/repository/npm/dotenv/-/dotenv-16.0.3.tgz#115aec42bac5053db3c456db30cc243a5a836a07"
  integrity sha512-7GO6HghkA5fYG9TYnNxi14/7K9f5occMlp3zXAuSxn7CKCxt9xbNWG7yF8hTCSUchlfWSe3uLmlPfigevRItzQ==

eventemitter3@^4.0.4:
  version "4.0.7"
  resolved "https://build-nexus.crto.in/repository/npm/eventemitter3/-/eventemitter3-4.0.7.tgz#2de9b68f6528d5644ef5c59526a1b4a07306169f"
  integrity sha512-8guHBZCwKnFhYdHr2ysuRWErTwhoN2X8XELRlrRwpmfeY2jjuUN4taQMsULKUVo1K4DvZl+0pgfyoysHxvmvEw==

expr-eval@^2.0.2:
  version "2.0.2"
  resolved "https://build-nexus.crto.in/repository/npm/expr-eval/-/expr-eval-2.0.2.tgz#fa6f044a7b0c93fde830954eb9c5b0f7fbc7e201"
  integrity sha512-4EMSHGOPSwAfBiibw3ndnP0AvjDWLsMvGOvWEZ2F96IGk0bIVdjQisOHxReSkE13mHcfbuCiXw+G4y0zv6N8Eg==

fast.js@0.0.3:
  version "0.0.3"
  resolved "https://build-nexus.crto.in/repository/npm/fast.js/-/fast.js-0.0.3.tgz#ff02d8f5f1ffe3f345ad1ac38c512187c3af65b2"
  integrity sha512-BhCxo8TngNuFEflJydq06QJKFRnwh/HkFM36qFGibFzwImNr0u5gKtT0HiJGJT/jxBL322BBbc3C4g2+njAUIA==

flat@^5.0.2:
  version "5.0.2"
  resolved "https://build-nexus.crto.in/repository/npm/flat/-/flat-5.0.2.tgz#8ca6fe332069ffa9d324c327198c598259ceb241"
  integrity sha512-b6suED+5/3rTpUBdG1gupIl8MPFCAMA0QXwmljLhvCUKcUvdE4gWky9zpuGCcXHOsz4J9wPGNWq6OKpmIzz3hQ==

follow-redirects@^1.14.8:
  version "1.15.2"
  resolved "https://build-nexus.crto.in/repository/npm/follow-redirects/-/follow-redirects-1.15.2.tgz#b460864144ba63f2681096f274c4e57026da2c13"
  integrity sha512-VQLG33o04KaQ8uYi2tVNbdrWp1QWxNNea+nmIB4EVM28v0hmP17z7aG1+wAkNzVq4KeXTq3221ye5qTJP91JwA==

form-data@^4.0.0:
  version "4.0.0"
  resolved "https://build-nexus.crto.in/repository/npm/form-data/-/form-data-4.0.0.tgz#93919daeaf361ee529584b9b31664dc12c9fa452"
  integrity sha512-ETEklSGi5t0QMZuiXoA/Q6vcnxcLQP5vdugSpuAyi6SVGi2clPPp+xgEhuMaHC+zGgn31Kd235W35f7Hykkaww==
  dependencies:
    asynckit "^0.4.0"
    combined-stream "^1.0.8"
    mime-types "^2.1.12"

https@^1.0.0:
  version "1.0.0"
  resolved "https://build-nexus.crto.in/repository/npm/https/-/https-1.0.0.tgz#3c37c7ae1a8eeb966904a2ad1e975a194b7ed3a4"
  integrity sha512-4EC57ddXrkaF0x83Oj8sM6SLQHAWXw90Skqu2M4AEWENZ3F02dFJE/GARA8igO79tcgYqGrD7ae4f5L3um2lgg==

image-size@^1.0.0:
  version "1.0.2"
  resolved "https://build-nexus.crto.in/repository/npm/image-size/-/image-size-1.0.2.tgz#d778b6d0ab75b2737c1556dd631652eb963bc486"
  integrity sha512-xfOoWjceHntRb3qFCrh5ZFORYH8XCdYpASltMhZ/Q0KZiOwjdE/Yl2QCiWdwD+lygV5bMCvauzgu5PxBX/Yerg==
  dependencies:
    queue "6.0.2"

immediate@~3.0.5:
  version "3.0.6"
  resolved "https://build-nexus.crto.in/repository/npm/immediate/-/immediate-3.0.6.tgz#9db1dbd0faf8de6fbe0f5dd5e56bb606280de69b"
  integrity sha512-XXOFtyqDjNDAQxVfYxuF7g9Il/IbWmmlQg2MYKOH8ExIT1qg6xc4zyS3HaEEATgs1btfzxq15ciUiY7gjSXRGQ==

inherits@~2.0.3:
  version "2.0.4"
  resolved "https://build-nexus.crto.in/repository/npm/inherits/-/inherits-2.0.4.tgz#0fa2c64f932917c3433a0ded55363aae37416b7c"
  integrity sha512-k/vGaX4/Yla3WzyMCvTQOXYeIHvqOKtnqBduzTHpzpQZzAskKMhZ2K+EnBiSM9zGSoIFeMpXKxa4dYeZIQqewQ==

is-any-array@^2.0.0:
  version "2.0.1"
  resolved "https://build-nexus.crto.in/repository/npm/is-any-array/-/is-any-array-2.0.1.tgz#9233242a9c098220290aa2ec28f82ca7fa79899e"
  integrity sha512-UtilS7hLRu++wb/WBAw9bNuP1Eg04Ivn1vERJck8zJthEvXCBEBpGR/33u/xLKWEQf95803oalHrVDptcAvFdQ==

isarray@~1.0.0:
  version "1.0.0"
  resolved "https://build-nexus.crto.in/repository/npm/isarray/-/isarray-1.0.0.tgz#bb935d48582cba168c06834957a54a3e07124f11"
  integrity sha512-VLghIWNM6ELQzo7zwmcg0NmTVyWKYjvIeM83yjp0wRDTmUnrM678fQbcKBo6n2CJEF0szoG//ytg+TKla89ALQ==

js-tiktoken@^1.0.7:
  version "1.0.7"
  resolved "https://build-nexus.crto.in/repository/npm/js-tiktoken/-/js-tiktoken-1.0.7.tgz#56933fcd2093e8304060dfde3071bda91812e6f5"
  integrity sha512-biba8u/clw7iesNEWLOLwrNGoBP2lA+hTaBLs/D45pJdUPFXyxD6nhcDVtADChghv4GgyAiMKYMiRx7x6h7Biw==
  dependencies:
    base64-js "^1.5.1"

js-yaml@4.1.0, js-yaml@^4.1.0:
  version "4.1.0"
  resolved "https://build-nexus.crto.in/repository/npm/js-yaml/-/js-yaml-4.1.0.tgz#c1fb65f8f5017901cdd2c951864ba18458a10602"
  integrity sha512-wpxZs9NoxZaJESJGIZTyDEaYpl0FKSA+FB9aJiyemKhMwkxQg63h4T1KJgUGHpTqPDNRcmmYLugrRjJlBtWvRA==
  dependencies:
    argparse "^2.0.1"

jsonpointer@^5.0.1:
  version "5.0.1"
  resolved "https://build-nexus.crto.in/repository/npm/jsonpointer/-/jsonpointer-5.0.1.tgz#2110e0af0900fd37467b5907ecd13a7884a1b559"
  integrity sha512-p/nXbhSEcu3pZRdkW1OfJhpsVtW1gd4Wa1fnQc9YLiTfAjn0312eMKimbdIQzuZl9aa9xUGaRlP9T/CJE/ditQ==

jszip@^3.7.1:
  version "3.10.1"
  resolved "https://build-nexus.crto.in/repository/npm/jszip/-/jszip-3.10.1.tgz#34aee70eb18ea1faec2f589208a157d1feb091c2"
  integrity sha512-xXDvecyTpGLrqFrvkrUSoxxfJI5AH7U8zxxtVclpsUtMCq4JQ290LY8AW5c7Ggnr/Y/oK+bQMbqK2qmtk3pN4g==
  dependencies:
    lie "~3.3.0"
    pako "~1.0.2"
    readable-stream "~2.3.6"
    setimmediate "^1.0.5"

langchain@0.0.102:
  version "0.0.102"
  resolved "https://build-nexus.crto.in/repository/npm/langchain/-/langchain-0.0.102.tgz#74e3974f6cd2c66fb2dd464cd4e985480c9d8cda"
  integrity sha512-fAZP9YI3qOruPKYa9QrRwGIg2xr9qCAIonYLh0WUb58lkEDQnY8XbSapgWy4a6er5OCfEh9z6x4EPri1+HpD0g==
  dependencies:
    "@anthropic-ai/sdk" "^0.4.3"
    ansi-styles "^5.0.0"
    binary-extensions "^2.2.0"
    camelcase "6"
    decamelize "^1.2.0"
    expr-eval "^2.0.2"
    flat "^5.0.2"
    js-tiktoken "^1.0.7"
    js-yaml "^4.1.0"
    jsonpointer "^5.0.1"
    langchainplus-sdk "^0.0.15"
    ml-distance "^4.0.0"
    object-hash "^3.0.0"
    openai "^3.3.0"
    openapi-types "^12.1.3"
    p-queue "^6.6.2"
    p-retry "4"
    uuid "^9.0.0"
    yaml "^2.2.1"
    zod "^3.21.4"
    zod-to-json-schema "^3.20.4"

langchainplus-sdk@^0.0.15:
  version "0.0.15"
  resolved "https://build-nexus.crto.in/repository/npm/langchainplus-sdk/-/langchainplus-sdk-0.0.15.tgz#216237d76ab4896ce74542b8e82ee579da3fdbe0"
  integrity sha512-CWaTylvR2d17rErPqgLCBiAnY3UJMdV4c27itvL0CB0eurYnZspa75u3Xl4frmbMy0nhN2N94jWCnrAZX4YDjg==
  dependencies:
    "@types/uuid" "^9.0.1"
    commander "^10.0.1"
    p-queue "^6.6.2"
    p-retry "4"
    uuid "^9.0.0"

lie@~3.3.0:
  version "3.3.0"
  resolved "https://build-nexus.crto.in/repository/npm/lie/-/lie-3.3.0.tgz#dcf82dee545f46074daf200c7c1c5a08e0f40f6a"
  integrity sha512-UaiMJzeWRlEujzAuw5LokY1L5ecNQYZKfmyZ9L7wDHb/p5etKaxXhohBcrw0EYby+G/NA52vRSN4N39dxHAIwQ==
  dependencies:
    immediate "~3.0.5"

make-error@^1.1.1:
  version "1.3.6"
  resolved "https://build-nexus.crto.in/repository/npm/make-error/-/make-error-1.3.6.tgz#2eb2e37ea9b67c4891f684a1394799af484cf7a2"
  integrity sha512-s8UhlNe7vPKomQhC1qFelMokr/Sc3AgNbso3n74mVPA5LTZwkB9NlXf4XPamLxJE8h0gh73rM94xvwRT2CVInw==

mime-db@1.52.0:
  version "1.52.0"
  resolved "https://build-nexus.crto.in/repository/npm/mime-db/-/mime-db-1.52.0.tgz#bbabcdc02859f4987301c856e3387ce5ec43bf70"
  integrity sha512-sPU4uV7dYlvtWJxwwxHD0PuihVNiE7TyAbQ5SWxDCB9mUYvOgroQOwYQQOKPJ8CIbE+1ETVlOoK1UC2nU3gYvg==

mime-types@^2.1.12:
  version "2.1.35"
  resolved "https://build-nexus.crto.in/repository/npm/mime-types/-/mime-types-2.1.35.tgz#381a871b62a734450660ae3deee44813f70d959a"
  integrity sha512-ZDY+bPm5zTTF+YpCrAU9nK0UgICYPT0QtT1NZWFv4s++TNkcgVaT0g6+4R2uI4MjQjzysHB1zxuWL50hzaeXiw==
  dependencies:
    mime-db "1.52.0"

minimist@^1.1.0:
  version "1.2.8"
  resolved "https://build-nexus.crto.in/repository/npm/minimist/-/minimist-1.2.8.tgz#c1a464e7693302e082a075cee0c057741ac4772c"
  integrity sha512-2yyAR8qBkN3YuheJanUpWC5U3bb5osDywNB8RzDVlDwDHbocAJveqqj1u8+SVD7jkWT4yvsHCpWqqWqAxb0zCA==

ml-array-mean@^1.1.6:
  version "1.1.6"
  resolved "https://build-nexus.crto.in/repository/npm/ml-array-mean/-/ml-array-mean-1.1.6.tgz#d951a700dc8e3a17b3e0a583c2c64abd0c619c56"
  integrity sha512-MIdf7Zc8HznwIisyiJGRH9tRigg3Yf4FldW8DxKxpCCv/g5CafTw0RRu51nojVEOXuCQC7DRVVu5c7XXO/5joQ==
  dependencies:
    ml-array-sum "^1.1.6"

ml-array-sum@^1.1.6:
  version "1.1.6"
  resolved "https://build-nexus.crto.in/repository/npm/ml-array-sum/-/ml-array-sum-1.1.6.tgz#d1d89c20793cd29c37b09d40e85681aa4515a955"
  integrity sha512-29mAh2GwH7ZmiRnup4UyibQZB9+ZLyMShvt4cH4eTK+cL2oEMIZFnSyB3SS8MlsTh6q/w/yh48KmqLxmovN4Dw==
  dependencies:
    is-any-array "^2.0.0"

ml-distance-euclidean@^2.0.0:
  version "2.0.0"
  resolved "https://build-nexus.crto.in/repository/npm/ml-distance-euclidean/-/ml-distance-euclidean-2.0.0.tgz#3a668d236649d1b8fec96380b9435c6f42c9a817"
  integrity sha512-yC9/2o8QF0A3m/0IXqCTXCzz2pNEzvmcE/9HFKOZGnTjatvBbsn4lWYJkxENkA4Ug2fnYl7PXQxnPi21sgMy/Q==

ml-distance@^4.0.0:
  version "4.0.1"
  resolved "https://build-nexus.crto.in/repository/npm/ml-distance/-/ml-distance-4.0.1.tgz#4741d17a1735888c5388823762271dfe604bd019"
  integrity sha512-feZ5ziXs01zhyFUUUeZV5hwc0f5JW0Sh0ckU1koZe/wdVkJdGxcP06KNQuF0WBTj8FttQUzcvQcpcrOp/XrlEw==
  dependencies:
    ml-array-mean "^1.1.6"
    ml-distance-euclidean "^2.0.0"
    ml-tree-similarity "^1.0.0"

ml-tree-similarity@^1.0.0:
  version "1.0.0"
  resolved "https://build-nexus.crto.in/repository/npm/ml-tree-similarity/-/ml-tree-similarity-1.0.0.tgz#24705a107e32829e24d945e87219e892159c53f0"
  integrity sha512-XJUyYqjSuUQkNQHMscr6tcjldsOoAekxADTplt40QKfwW6nd++1wHWV9AArl0Zvw/TIHgNaZZNvr8QGvE8wLRg==
  dependencies:
    binary-search "^1.3.5"
    num-sort "^2.0.0"

node-fetch@^2.6.12:
  version "2.6.12"
  resolved "https://build-nexus.crto.in/repository/npm/node-fetch/-/node-fetch-2.6.12.tgz#02eb8e22074018e3d5a83016649d04df0e348fba"
  integrity sha512-C/fGU2E8ToujUivIO0H+tpQ6HWo4eEmchoPIoXtxCrVghxdKq+QOHqEZW7tuP3KlV3bC8FRMO5nMCC7Zm1VP6g==
  dependencies:
    whatwg-url "^5.0.0"

num-sort@^2.0.0:
  version "2.1.0"
  resolved "https://build-nexus.crto.in/repository/npm/num-sort/-/num-sort-2.1.0.tgz#1cbb37aed071329fdf41151258bc011898577a9b"
  integrity sha512-1MQz1Ed8z2yckoBeSfkQHHO9K1yDRxxtotKSJ9yvcTUUxSvfvzEq5GwBrjjHEpMlq/k5gvXdmJ1SbYxWtpNoVg==

object-hash@^3.0.0:
  version "3.0.0"
  resolved "https://build-nexus.crto.in/repository/npm/object-hash/-/object-hash-3.0.0.tgz#73f97f753e7baffc0e2cc9d6e079079744ac82e9"
  integrity sha512-RSn9F68PjH9HqtltsSnqYC1XXoWe9Bju5+213R98cNGttag9q9yAOTzdbsqvIa7aNm5WffBZFpWYr2aWrklWAw==

openai@3.2.1:
  version "3.2.1"
  resolved "https://build-nexus.crto.in/repository/npm/openai/-/openai-3.2.1.tgz#1fa35bdf979cbde8453b43f2dd3a7d401ee40866"
  integrity sha512-762C9BNlJPbjjlWZi4WYK9iM2tAVAv0uUp1UmI34vb0CN5T2mjB/qM6RYBmNKMh/dN9fC+bxqPwWJZUTWW052A==
  dependencies:
    axios "^0.26.0"
    form-data "^4.0.0"

openai@^3.3.0:
  version "3.3.0"
  resolved "https://build-nexus.crto.in/repository/npm/openai/-/openai-3.3.0.tgz#a6408016ad0945738e1febf43f2fccca83a3f532"
  integrity sha512-uqxI/Au+aPRnsaQRe8CojU0eCR7I0mBiKjD3sNMzY6DaC1ZVrc85u98mtJW6voDug8fgGN+DIZmTDxTthxb7dQ==
  dependencies:
    axios "^0.26.0"
    form-data "^4.0.0"

openapi-types@^12.1.3:
  version "12.1.3"
  resolved "https://build-nexus.crto.in/repository/npm/openapi-types/-/openapi-types-12.1.3.tgz#471995eb26c4b97b7bd356aacf7b91b73e777dd3"
  integrity sha512-N4YtSYJqghVu4iek2ZUvcN/0aqH1kRDuNqzcycDxhOUpg7GdvLa2F3DgS6yBNhInhv2r/6I0Flkn7CqL8+nIcw==

p-finally@^1.0.0:
  version "1.0.0"
  resolved "https://build-nexus.crto.in/repository/npm/p-finally/-/p-finally-1.0.0.tgz#3fbcfb15b899a44123b34b6dcc18b724336a2cae"
  integrity sha512-LICb2p9CB7FS+0eR1oqWnHhp0FljGLZCWBE9aix0Uye9W8LTQPwMTYVGWQWIw9RdQiDg4+epXQODwIYJtSJaow==

p-queue@^6.6.2:
  version "6.6.2"
  resolved "https://build-nexus.crto.in/repository/npm/p-queue/-/p-queue-6.6.2.tgz#2068a9dcf8e67dd0ec3e7a2bcb76810faa85e426"
  integrity sha512-RwFpb72c/BhQLEXIZ5K2e+AhgNVmIejGlTgiB9MzZ0e93GRvqZ7uSi0dvRF7/XIXDeNkra2fNHBxTyPDGySpjQ==
  dependencies:
    eventemitter3 "^4.0.4"
    p-timeout "^3.2.0"

p-retry@4:
  version "4.6.2"
  resolved "https://build-nexus.crto.in/repository/npm/p-retry/-/p-retry-4.6.2.tgz#9baae7184057edd4e17231cee04264106e092a16"
  integrity sha512-312Id396EbJdvRONlngUx0NydfrIQ5lsYu0znKVUzVvArzEIt08V1qhtyESbGVd1FGX7UKtiFp5uwKZdM8wIuQ==
  dependencies:
    "@types/retry" "0.12.0"
    retry "^0.13.1"

p-timeout@^3.2.0:
  version "3.2.0"
  resolved "https://build-nexus.crto.in/repository/npm/p-timeout/-/p-timeout-3.2.0.tgz#c7e17abc971d2a7962ef83626b35d635acf23dfe"
  integrity sha512-rhIwUycgwwKcP9yTOOFK/AKsAopjjCakVqLHePO3CC6Mir1Z99xT+R63jZxAT5lFZLa2inS5h+ZS2GvR99/FBg==
  dependencies:
    p-finally "^1.0.0"

pako@~1.0.2:
  version "1.0.11"
  resolved "https://build-nexus.crto.in/repository/npm/pako/-/pako-1.0.11.tgz#6c9599d340d54dfd3946380252a35705a6b992bf"
  integrity sha512-4hLB8Py4zZce5s4yd9XzopqwVv/yGNhV1Bl8NTmCq1763HeK2+EwVTv+leGeL13Dnh2wfbqowVPXCIO0z4taYw==

pinecone@0.1.0:
  version "0.1.0"
  resolved "https://build-nexus.crto.in/repository/npm/pinecone/-/pinecone-0.1.0.tgz#bfebd6babc7245e5c42d9c81286dd507f403e3d9"
  integrity sha512-iKu0Vs4ijfueG9fRoOfJ6Ko0Yb/y/XK2kmNXz9WgG8LuDwneXWcmPQqhm7nUvAxFroQQdGSmM2zM33d4l/4UfQ==
  dependencies:
    acorn "~0.5.0"
    debug "^0.8.1"
    fast.js "0.0.3"
    minimist "^1.1.0"

pptxgenjs@^3.12.0:
  version "3.12.0"
  resolved "https://build-nexus.crto.in/repository/npm/pptxgenjs/-/pptxgenjs-3.12.0.tgz#dc31baa53bb97aa69bc8ef8a906220fedc31489a"
  integrity sha512-ZozkYKWb1MoPR4ucw3/aFYlHkVIJxo9czikEclcUVnS4Iw/M+r+TEwdlB3fyAWO9JY1USxJDt0Y0/r15IR/RUA==
  dependencies:
    "@types/node" "^18.7.3"
    https "^1.0.0"
    image-size "^1.0.0"
    jszip "^3.7.1"

process-nextick-args@~2.0.0:
  version "2.0.1"
  resolved "https://build-nexus.crto.in/repository/npm/process-nextick-args/-/process-nextick-args-2.0.1.tgz#7820d9b16120cc55ca9ae7792680ae7dba6d7fe2"
  integrity sha512-3ouUOpQhtgrbOa17J7+uxOTpITYWaGP7/AhoR3+A+/1e9skrzelGi/dXzEYyvbxubEF6Wn2ypscTKiKJFFn1ag==

prompt-sync@^4.2.0:
  version "4.2.0"
  resolved "https://build-nexus.crto.in/repository/npm/prompt-sync/-/prompt-sync-4.2.0.tgz#0198f73c5b70e3b03e4b9033a50540a7c9a1d7f4"
  integrity sha512-BuEzzc5zptP5LsgV5MZETjDaKSWfchl5U9Luiu8SKp7iZWD5tZalOxvNcZRwv+d2phNFr8xlbxmFNcRKfJOzJw==
  dependencies:
    strip-ansi "^5.0.0"

queue@6.0.2:
  version "6.0.2"
  resolved "https://build-nexus.crto.in/repository/npm/queue/-/queue-6.0.2.tgz#b91525283e2315c7553d2efa18d83e76432fed65"
  integrity sha512-iHZWu+q3IdFZFX36ro/lKBkSvfkztY5Y7HMiPlOUjhupPcG2JMfst2KKEpu5XndviX/3UhFbRngUPNKtgvtZiA==
  dependencies:
    inherits "~2.0.3"

readable-stream@~2.3.6:
  version "2.3.8"
  resolved "https://build-nexus.crto.in/repository/npm/readable-stream/-/readable-stream-2.3.8.tgz#91125e8042bba1b9887f49345f6277027ce8be9b"
  integrity sha512-8p0AUk4XODgIewSi0l8Epjs+EVnWiK7NoDIEGU0HhE7+ZyY8D1IMY7odu5lRrFXGg71L15KG8QrPmum45RTtdA==
  dependencies:
    core-util-is "~1.0.0"
    inherits "~2.0.3"
    isarray "~1.0.0"
    process-nextick-args "~2.0.0"
    safe-buffer "~5.1.1"
    string_decoder "~1.1.1"
    util-deprecate "~1.0.1"

readline@^1.3.0:
  version "1.3.0"
  resolved "https://build-nexus.crto.in/repository/npm/readline/-/readline-1.3.0.tgz#c580d77ef2cfc8752b132498060dc9793a7ac01c"
  integrity sha512-k2d6ACCkiNYz222Fs/iNze30rRJ1iIicW7JuX/7/cozvih6YCkFZH+J6mAFDVgv0dRBaAyr4jDqC95R2y4IADg==

retry@^0.13.1:
  version "0.13.1"
  resolved "https://build-nexus.crto.in/repository/npm/retry/-/retry-0.13.1.tgz#185b1587acf67919d63b357349e03537b2484658"
  integrity sha512-XQBQ3I8W1Cge0Seh+6gjj03LbmRFWuoszgK9ooCpwYIrhhoO80pfq4cUkU5DkknwfOfFteRwlZ56PYOGYyFWdg==

safe-buffer@~5.1.0, safe-buffer@~5.1.1:
  version "5.1.2"
  resolved "https://build-nexus.crto.in/repository/npm/safe-buffer/-/safe-buffer-5.1.2.tgz#991ec69d296e0313747d59bdfd2b745c35f8828d"
  integrity sha512-Gd2UZBJDkXlY7GbJxfsE8/nvKkUEU1G38c1siN6QP6a9PT9MmHB8GnpscSmMJSoF8LOIrt8ud/wPtojys4G6+g==

serpapi@1.1.1:
  version "1.1.1"
  resolved "https://build-nexus.crto.in/repository/npm/serpapi/-/serpapi-1.1.1.tgz#bc4be0f246b1c5abe8a138cf191a3aff6732f5c4"
  integrity sha512-t5Bqu/6VMJ9naX8K+qCgUStpZOaNQFvIM4AudhMJLS6sqQT/EHaYrhGidDZHVx8QvcEdY6y1wNlxizOCtvJtUQ==
  dependencies:
    undici "^5.12.0"

setimmediate@^1.0.5:
  version "1.0.5"
  resolved "https://build-nexus.crto.in/repository/npm/setimmediate/-/setimmediate-1.0.5.tgz#290cbb232e306942d7d7ea9b83732ab7856f8285"
  integrity sha512-MATJdZp8sLqDl/68LfQmbP8zKPLQNV6BIZoIgrscFDQ+RsvK/BxeDQOgyxKKoh0y/8h3BqVFnCqQ/gd+reiIXA==

streamsearch@^1.1.0:
  version "1.1.0"
  resolved "https://build-nexus.crto.in/repository/npm/streamsearch/-/streamsearch-1.1.0.tgz#404dd1e2247ca94af554e841a8ef0eaa238da764"
  integrity sha512-Mcc5wHehp9aXz1ax6bZUyY5afg9u2rv5cqQI3mRrYkGC8rW2hM02jWuwjtL++LS5qinSyhj2QfLyNsuc+VsExg==

string_decoder@~1.1.1:
  version "1.1.1"
  resolved "https://build-nexus.crto.in/repository/npm/string_decoder/-/string_decoder-1.1.1.tgz#9cf1611ba62685d7030ae9e4ba34149c3af03fc8"
  integrity sha512-n/ShnvDi6FHbbVfviro+WojiFzv+s8MPMHBczVePfUpDJLwoLT0ht1l4YwBCbi8pJAveEEdnkHyPyTP/mzRfwg==
  dependencies:
    safe-buffer "~5.1.0"

strip-ansi@^5.0.0:
  version "5.2.0"
  resolved "https://build-nexus.crto.in/repository/npm/strip-ansi/-/strip-ansi-5.2.0.tgz#8c9a536feb6afc962bdfa5b104a5091c1ad9c0ae"
  integrity sha512-DuRs1gKbBqsMKIZlrffwlug8MHkcnpjs5VPmL1PAh+mA30U0DTotfDZ0d2UUsXpPmPmMMJ6W773MaA3J+lbiWA==
  dependencies:
    ansi-regex "^4.1.0"

tr46@~0.0.3:
  version "0.0.3"
  resolved "https://build-nexus.crto.in/repository/npm/tr46/-/tr46-0.0.3.tgz#8184fd347dac9cdc185992f3a6622e14b9d9ab6a"
  integrity sha512-N3WMsuqV66lT30CrXNbEjx4GEwlow3v6rr4mCcv6prnfwhS01rkgyFdjPNBYd9br7LpXV1+Emh01fHnq2Gdgrw==

ts-node@^10.9.1:
  version "10.9.1"
  resolved "https://build-nexus.crto.in/repository/npm/ts-node/-/ts-node-10.9.1.tgz#e73de9102958af9e1f0b168a6ff320e25adcff4b"
  integrity sha512-NtVysVPkxxrwFGUUxGYhfux8k78pQB3JqYBXlLRZgdGUqTO5wU/UyHop5p70iEbGhB7q5KmiZiU0Y3KlJrScEw==
  dependencies:
    "@cspotcode/source-map-support" "^0.8.0"
    "@tsconfig/node10" "^1.0.7"
    "@tsconfig/node12" "^1.0.7"
    "@tsconfig/node14" "^1.0.0"
    "@tsconfig/node16" "^1.0.2"
    acorn "^8.4.1"
    acorn-walk "^8.1.1"
    arg "^4.1.0"
    create-require "^1.1.0"
    diff "^4.0.1"
    make-error "^1.1.1"
    v8-compile-cache-lib "^3.0.1"
    yn "3.1.1"

typescript@5.0.2:
  version "5.0.2"
  resolved "https://build-nexus.crto.in/repository/npm/typescript/-/typescript-5.0.2.tgz#891e1a90c5189d8506af64b9ef929fca99ba1ee5"
  integrity sha512-wVORMBGO/FAs/++blGNeAVdbNKtIh1rbBL2EyQ1+J9lClJ93KiiKe8PmFIVdXhHcyv44SL9oglmfeSsndo0jRw==

undici@^5.12.0:
  version "5.22.1"
  resolved "https://build-nexus.crto.in/repository/npm/undici/-/undici-5.22.1.tgz#877d512effef2ac8be65e695f3586922e1a57d7b"
  integrity sha512-Ji2IJhFXZY0x/0tVBXeQwgPlLWw13GVzpsWPQ3rV50IFMMof2I55PZZxtm4P6iNq+L5znYN9nSTAq0ZyE6lSJw==
  dependencies:
    busboy "^1.6.0"

util-deprecate@~1.0.1:
  version "1.0.2"
  resolved "https://build-nexus.crto.in/repository/npm/util-deprecate/-/util-deprecate-1.0.2.tgz#450d4dc9fa70de732762fbd2d4a28981419a0ccf"
  integrity sha512-EPD5q1uXyFxJpCrLnCc1nHnq3gOa6DZBocAIiI2TaSCA7VCJ1UJDMagCzIkXNsUYfD1daK//LTEQ8xiIbrHtcw==

uuid@^9.0.0:
  version "9.0.0"
  resolved "https://build-nexus.crto.in/repository/npm/uuid/-/uuid-9.0.0.tgz#592f550650024a38ceb0c562f2f6aa435761efb5"
  integrity sha512-MXcSTerfPa4uqyzStbRoTgt5XIe3x5+42+q1sDuy3R5MDk66URdLMOZe5aPX/SQd+kuYAh0FdP/pO28IkQyTeg==

v8-compile-cache-lib@^3.0.1:
  version "3.0.1"
  resolved "https://build-nexus.crto.in/repository/npm/v8-compile-cache-lib/-/v8-compile-cache-lib-3.0.1.tgz#6336e8d71965cb3d35a1bbb7868445a7c05264bf"
  integrity sha512-wa7YjyUGfNZngI/vtK0UHAN+lgDCxBPCylVXGp0zu59Fz5aiGtNXaq3DhIov063MorB+VfufLh3JlF2KdTK3xg==

webidl-conversions@^3.0.0:
  version "3.0.1"
  resolved "https://build-nexus.crto.in/repository/npm/webidl-conversions/-/webidl-conversions-3.0.1.tgz#24534275e2a7bc6be7bc86611cc16ae0a5654871"
  integrity sha512-2JAn3z8AR6rjK8Sm8orRC0h/bcl/DqL7tRPdGZ4I1CjdF+EaMLmYxBHyXuKL849eucPFhvBoxMsflfOb8kxaeQ==

whatwg-url@^5.0.0:
  version "5.0.0"
  resolved "https://build-nexus.crto.in/repository/npm/whatwg-url/-/whatwg-url-5.0.0.tgz#966454e8765462e37644d3626f6742ce8b70965d"
  integrity sha512-saE57nupxk6v3HY35+jzBwYa0rKSy0XR8JSxZPwgLr7ys0IBzhGviA1/TUGJLmSVqs8pb9AnvICXEuOHLprYTw==
  dependencies:
    tr46 "~0.0.3"
    webidl-conversions "^3.0.0"

yaml@^2.2.1:
  version "2.3.1"
  resolved "https://build-nexus.crto.in/repository/npm/yaml/-/yaml-2.3.1.tgz#02fe0975d23cd441242aa7204e09fc28ac2ac33b"
  integrity sha512-2eHWfjaoXgTBC2jNM1LRef62VQa0umtvRiDSk6HSzW7RvS5YtkabJrwYLLEKWBc8a5U2PTSCs+dJjUTJdlHsWQ==

yn@3.1.1:
  version "3.1.1"
  resolved "https://build-nexus.crto.in/repository/npm/yn/-/yn-3.1.1.tgz#1e87401a09d767c1d5eab26a6e4c185182d2eb50"
  integrity sha512-Ux4ygGWsu2c7isFWe8Yu1YluJmqVhxqK2cLXNQA5AcC3QfbGNpM7fu0Y8b/z16pXLnFxZYvWhd3fhBY9DLmC6Q==

zod-to-json-schema@^3.20.4:
  version "3.21.3"
  resolved "https://build-nexus.crto.in/repository/npm/zod-to-json-schema/-/zod-to-json-schema-3.21.3.tgz#2ce40860570217979ad5c9734e2e2df717784859"
  integrity sha512-09W/9oyxeF1/wWnzCb6MursW+lOzgKi91QwE7eTBbC+t/qgfuLsUVDai3lHemSQnQu/UONAcT/fv3ZnDvbTeKg==

zod@^3.21.4:
  version "3.21.4"
  resolved "https://build-nexus.crto.in/repository/npm/zod/-/zod-3.21.4.tgz#10882231d992519f0a10b5dd58a38c9dabbb64db"
  integrity sha512-m46AKbrzKVzOzs/DZgVnG5H55N1sv1M8qZU3A8RIKbs3mrACDNeIOeilDymVb2HdmP8uwshOCF4uJ8uM9rCqJw==
